
Microsoft Visual Studio Solution File, Format Version 12.00
# Visual Studio Version 17
VisualStudioVersion = 17.5.002.0
MinimumVisualStudioVersion = 10.0.40219.1
Project("{9A19103F-16F7-4668-BE54-9A1E7A4F7556}") = "CleanArchMvc.Infra.Data", "CleanArchMvc.Infra.Data.csproj", "{F72A1DB2-9BE1-41F2-991E-91719123B06C}"
EndProject
Global
	GlobalSection(SolutionConfigurationPlatforms) = preSolution
		Debug|Any CPU = Debug|Any CPU
		Release|Any CPU = Release|Any CPU
	EndGlobalSection
	GlobalSection(ProjectConfigurationPlatforms) = postSolution
		{F72A1DB2-9BE1-41F2-991E-91719123B06C}.Debug|Any CPU.ActiveCfg = Debug|Any CPU
		{F72A1DB2-9BE1-41F2-991E-91719123B06C}.Debug|Any CPU.Build.0 = Debug|Any CPU
		{F72A1DB2-9BE1-41F2-991E-91719123B06C}.Release|Any CPU.ActiveCfg = Release|Any CPU
		{F72A1DB2-9BE1-41F2-991E-91719123B06C}.Release|Any CPU.Build.0 = Release|Any CPU
	EndGlobalSection
	GlobalSection(SolutionProperties) = preSolution
		HideSolutionNode = FALSE
	EndGlobalSection
	GlobalSection(ExtensibilityGlobals) = postSolution
		SolutionGuid = {4783A5C0-3695-4863-B1DF-82A1926FD685}
	EndGlobalSection
EndGlobal
