
Microsoft Visual Studio Solution File, Format Version 12.00
# Visual Studio Version 17
VisualStudioVersion = 17.5.002.0
MinimumVisualStudioVersion = 10.0.40219.1
Project("{9A19103F-16F7-4668-BE54-9A1E7A4F7556}") = "CleanArchMvc.Domain.Tests", "CleanArchMvc.Domain.Tests.csproj", "{A2248485-6ED9-4D10-B296-BDFBF3FD966E}"
EndProject
Global
	GlobalSection(SolutionConfigurationPlatforms) = preSolution
		Debug|Any CPU = Debug|Any CPU
		Release|Any CPU = Release|Any CPU
	EndGlobalSection
	GlobalSection(ProjectConfigurationPlatforms) = postSolution
		{A2248485-6ED9-4D10-B296-BDFBF3FD966E}.Debug|Any CPU.ActiveCfg = Debug|Any CPU
		{A2248485-6ED9-4D10-B296-BDFBF3FD966E}.Debug|Any CPU.Build.0 = Debug|Any CPU
		{A2248485-6ED9-4D10-B296-BDFBF3FD966E}.Release|Any CPU.ActiveCfg = Release|Any CPU
		{A2248485-6ED9-4D10-B296-BDFBF3FD966E}.Release|Any CPU.Build.0 = Release|Any CPU
	EndGlobalSection
	GlobalSection(SolutionProperties) = preSolution
		HideSolutionNode = FALSE
	EndGlobalSection
	GlobalSection(ExtensibilityGlobals) = postSolution
		SolutionGuid = {3A2809B0-0A75-4FA5-AC0B-503CE957ABC9}
	EndGlobalSection
EndGlobal
