
Microsoft Visual Studio Solution File, Format Version 12.00
# Visual Studio Version 17
VisualStudioVersion = 17.5.002.0
MinimumVisualStudioVersion = 10.0.40219.1
Project("{9A19103F-16F7-4668-BE54-9A1E7A4F7556}") = "CleanArchMvc.Domain", "CleanArchMvc.Domain.csproj", "{DC81C8FC-4F4A-4DD1-AEB6-86FD326FE85E}"
EndProject
Global
	GlobalSection(SolutionConfigurationPlatforms) = preSolution
		Debug|Any CPU = Debug|Any CPU
		Release|Any CPU = Release|Any CPU
	EndGlobalSection
	GlobalSection(ProjectConfigurationPlatforms) = postSolution
		{DC81C8FC-4F4A-4DD1-AEB6-86FD326FE85E}.Debug|Any CPU.ActiveCfg = Debug|Any CPU
		{DC81C8FC-4F4A-4DD1-AEB6-86FD326FE85E}.Debug|Any CPU.Build.0 = Debug|Any CPU
		{DC81C8FC-4F4A-4DD1-AEB6-86FD326FE85E}.Release|Any CPU.ActiveCfg = Release|Any CPU
		{DC81C8FC-4F4A-4DD1-AEB6-86FD326FE85E}.Release|Any CPU.Build.0 = Release|Any CPU
	EndGlobalSection
	GlobalSection(SolutionProperties) = preSolution
		HideSolutionNode = FALSE
	EndGlobalSection
	GlobalSection(ExtensibilityGlobals) = postSolution
		SolutionGuid = {3047B004-154D-4547-842F-C50FF9B51F10}
	EndGlobalSection
EndGlobal
